{
  "name": "meteor-accounts-t9n",
  "version": "2.0.4",
  "lockfileVersion": 1,
  "requires": true,
  "dependencies": {
    "coffeescript": {
      "version": "2.1.1",
      "resolved": "https://registry.npmjs.org/coffeescript/-/coffeescript-2.1.1.tgz",
      "integrity": "sha512-Tl2z6/rNMqJ2LqWlVxLKwLF9FniwJpweonfSLCwhX8NFCEsGBcFIErtfKd8+t4XHDSYRshj9FXxPX53BT3lC9w==",
      "dev": true
    }
  }
}
