{
  "name": "meteor-t9n-testdriver",
  "version": "1.0.0",
  "lockfileVersion": 1,
  "requires": true,
  "dependencies": {
    "meteor-accounts-t9n": {
      "version": "file:../..",
      "dependencies": {
        "coffee-script": {
          "version": "1.12.7",
          "bundled": true
        }
      }
    }
  }
}
